
Microsoft Visual Studio Solution File, Format Version 12.00
# Visual Studio Version 17
VisualStudioVersion = 17.10.34916.146
MinimumVisualStudioVersion = 10.0.40219.1
Project("{FAE04EC0-301F-11D3-BF4B-00C04F79EFBC}") = "GRMA", "GRMA\GRMA.csproj", "{7EA5AAEA-E5C4-4B7A-BD20-4EE07F700961}"
EndProject
Global
	GlobalSection(SolutionConfigurationPlatforms) = preSolution
		Debug|Any CPU = Debug|Any CPU
		Release|Any CPU = Release|Any CPU
	EndGlobalSection
	GlobalSection(ProjectConfigurationPlatforms) = postSolution
		{7EA5AAEA-E5C4-4B7A-BD20-4EE07F700961}.Debug|Any CPU.ActiveCfg = Debug|Any CPU
		{7EA5AAEA-E5C4-4B7A-BD20-4EE07F700961}.Debug|Any CPU.Build.0 = Debug|Any CPU
		{7EA5AAEA-E5C4-4B7A-BD20-4EE07F700961}.Release|Any CPU.ActiveCfg = Release|Any CPU
		{7EA5AAEA-E5C4-4B7A-BD20-4EE07F700961}.Release|Any CPU.Build.0 = Release|Any CPU
	EndGlobalSection
	GlobalSection(SolutionProperties) = preSolution
		HideSolutionNode = FALSE
	EndGlobalSection
	GlobalSection(ExtensibilityGlobals) = postSolution
		SolutionGuid = {4C8795D4-E0BB-4A47-AA4B-7512F5EAB36A}
	EndGlobalSection
EndGlobal
